// !$*UTF8*$!
{
	archiveVersion = 1;
	classes = {
	};
	objectVersion = 51;
	objects = {

/* Begin PBXBuildFile section */
		31848B70260058490049A579 /* AVViewController.swift in Sources */ = {isa = PBXBuildFile; fileRef = 31848B6F260058490049A579 /* AVViewController.swift */; };
		31848B722600A9210049A579 /* AVTableViewController.swift in Sources */ = {isa = PBXBuildFile; fileRef = 31848B712600A9210049A579 /* AVTableViewController.swift */; };
		31A1C58B25FEFC01006555E5 /* SuggestViewController.swift in Sources */ = {isa = PBXBuildFile; fileRef = 31A1C58A25FEFC01006555E5 /* SuggestViewController.swift */; };
		31A1C58F25FF59A3006555E5 /* PrinceCollectionViewController.swift in Sources */ = {isa = PBXBuildFile; fileRef = 31A1C58E25FF59A3006555E5 /* PrinceCollectionViewController.swift */; };
		31A1C59325FF5C58006555E5 /* PrinceCollectionViewCell.swift in Sources */ = {isa = PBXBuildFile; fileRef = 31A1C59225FF5C58006555E5 /* PrinceCollectionViewCell.swift */; };
		31FED00D25FE46790051ECEC /* AppDelegate.swift in Sources */ = {isa = PBXBuildFile; fileRef = 31FED00C25FE46790051ECEC /* AppDelegate.swift */; };
		31FED00F25FE46790051ECEC /* SceneDelegate.swift in Sources */ = {isa = PBXBuildFile; fileRef = 31FED00E25FE46790051ECEC /* SceneDelegate.swift */; };
		31FED01125FE46790051ECEC /* ViewController.swift in Sources */ = {isa = PBXBuildFile; fileRef = 31FED01025FE46790051ECEC /* ViewController.swift */; };
		31FED01425FE46790051ECEC /* Main.storyboard in Resources */ = {isa = PBXBuildFile; fileRef = 31FED01225FE46790051ECEC /* Main.storyboard */; };
		31FED01625FE467B0051ECEC /* Assets.xcassets in Resources */ = {isa = PBXBuildFile; fileRef = 31FED01525FE467B0051ECEC /* Assets.xcassets */; };
		31FED01925FE467B0051ECEC /* LaunchScreen.storyboard in Resources */ = {isa = PBXBuildFile; fileRef = 31FED01725FE467B0051ECEC /* LaunchScreen.storyboard */; };
		54A1FCBFBE583088FF28F138 /* Pods_NationalTheater.framework in Frameworks */ = {isa = PBXBuildFile; fileRef = 34E2F9A78A1B9E0134BCD1B2 /* Pods_NationalTheater.framework */; };
/* End PBXBuildFile section */

/* Begin PBXFileReference section */
		0BB8BFEA1B65DAA3DF0692E9 /* Pods-NationalTheater.debug.xcconfig */ = {isa = PBXFileReference; includeInIndex = 1; lastKnownFileType = text.xcconfig; name = "Pods-NationalTheater.debug.xcconfig"; path = "Target Support Files/Pods-NationalTheater/Pods-NationalTheater.debug.xcconfig"; sourceTree = "<group>"; };
		31848B6F260058490049A579 /* AVViewController.swift */ = {isa = PBXFileReference; lastKnownFileType = sourcecode.swift; path = AVViewController.swift; sourceTree = "<group>"; };
		31848B712600A9210049A579 /* AVTableViewController.swift */ = {isa = PBXFileReference; lastKnownFileType = sourcecode.swift; path = AVTableViewController.swift; sourceTree = "<group>"; };
		31A1C58A25FEFC01006555E5 /* SuggestViewController.swift */ = {isa = PBXFileReference; lastKnownFileType = sourcecode.swift; path = SuggestViewController.swift; sourceTree = "<group>"; };
		31A1C58E25FF59A3006555E5 /* PrinceCollectionViewController.swift */ = {isa = PBXFileReference; lastKnownFileType = sourcecode.swift; path = PrinceCollectionViewController.swift; sourceTree = "<group>"; };
		31A1C59225FF5C58006555E5 /* PrinceCollectionViewCell.swift */ = {isa = PBXFileReference; lastKnownFileType = sourcecode.swift; path = PrinceCollectionViewCell.swift; sourceTree = "<group>"; };
		31FED00925FE46790051ECEC /* NationalTheater.app */ = {isa = PBXFileReference; explicitFileType = wrapper.application; includeInIndex = 0; path = NationalTheater.app; sourceTree = BUILT_PRODUCTS_DIR; };
		31FED00C25FE46790051ECEC /* AppDelegate.swift */ = {isa = PBXFileReference; lastKnownFileType = sourcecode.swift; path = AppDelegate.swift; sourceTree = "<group>"; };
		31FED00E25FE46790051ECEC /* SceneDelegate.swift */ = {isa = PBXFileReference; lastKnownFileType = sourcecode.swift; path = SceneDelegate.swift; sourceTree = "<group>"; };
		31FED01025FE46790051ECEC /* ViewController.swift */ = {isa = PBXFileReference; lastKnownFileType = sourcecode.swift; path = ViewController.swift; sourceTree = "<group>"; };
		31FED01325FE46790051ECEC /* Base */ = {isa = PBXFileReference; lastKnownFileType = file.storyboard; name = Base; path = Base.lproj/Main.storyboard; sourceTree = "<group>"; };
		31FED01525FE467B0051ECEC /* Assets.xcassets */ = {isa = PBXFileReference; lastKnownFileType = folder.assetcatalog; path = Assets.xcassets; sourceTree = "<group>"; };
		31FED01825FE467B0051ECEC /* Base */ = {isa = PBXFileReference; lastKnownFileType = file.storyboard; name = Base; path = Base.lproj/LaunchScreen.storyboard; sourceTree = "<group>"; };
		31FED01A25FE467B0051ECEC /* Info.plist */ = {isa = PBXFileReference; lastKnownFileType = text.plist.xml; path = Info.plist; sourceTree = "<group>"; };
		34E2F9A78A1B9E0134BCD1B2 /* Pods_NationalTheater.framework */ = {isa = PBXFileReference; explicitFileType = wrapper.framework; includeInIndex = 0; path = Pods_NationalTheater.framework; sourceTree = BUILT_PRODUCTS_DIR; };
		779D913B18301197996089EB /* Pods-NationalTheater.release.xcconfig */ = {isa = PBXFileReference; includeInIndex = 1; lastKnownFileType = text.xcconfig; name = "Pods-NationalTheater.release.xcconfig"; path = "Target Support Files/Pods-NationalTheater/Pods-NationalTheater.release.xcconfig"; sourceTree = "<group>"; };
/* End PBXFileReference section */

/* Begin PBXFrameworksBuildPhase section */
		31FED00625FE46790051ECEC /* Frameworks */ = {
			isa = PBXFrameworksBuildPhase;
			buildActionMask = 2147483647;
			files = (
				54A1FCBFBE583088FF28F138 /* Pods_NationalTheater.framework in Frameworks */,
			);
			runOnlyForDeploymentPostprocessing = 0;
		};
/* End PBXFrameworksBuildPhase section */

/* Begin PBXGroup section */
		31FED00025FE46790051ECEC = {
			isa = PBXGroup;
			children = (
				31FED00B25FE46790051ECEC /* NationalTheater */,
				31FED00A25FE46790051ECEC /* Products */,
				F8DEA7FE46F71B9F699086D6 /* Pods */,
				72CED2F7D3DB7E81391EC424 /* Frameworks */,
			);
			sourceTree = "<group>";
		};
		31FED00A25FE46790051ECEC /* Products */ = {
			isa = PBXGroup;
			children = (
				31FED00925FE46790051ECEC /* NationalTheater.app */,
			);
			name = Products;
			sourceTree = "<group>";
		};
		31FED00B25FE46790051ECEC /* NationalTheater */ = {
			isa = PBXGroup;
			children = (
				31FED00C25FE46790051ECEC /* AppDelegate.swift */,
				31FED00E25FE46790051ECEC /* SceneDelegate.swift */,
				31FED01025FE46790051ECEC /* ViewController.swift */,
				31A1C58A25FEFC01006555E5 /* SuggestViewController.swift */,
				31A1C58E25FF59A3006555E5 /* PrinceCollectionViewController.swift */,
				31A1C59225FF5C58006555E5 /* PrinceCollectionViewCell.swift */,
				31848B712600A9210049A579 /* AVTableViewController.swift */,
				31848B6F260058490049A579 /* AVViewController.swift */,
				31FED01225FE46790051ECEC /* Main.storyboard */,
				31FED01525FE467B0051ECEC /* Assets.xcassets */,
				31FED01725FE467B0051ECEC /* LaunchScreen.storyboard */,
				31FED01A25FE467B0051ECEC /* Info.plist */,
			);
			path = NationalTheater;
			sourceTree = "<group>";
		};
		72CED2F7D3DB7E81391EC424 /* Frameworks */ = {
			isa = PBXGroup;
			children = (
				34E2F9A78A1B9E0134BCD1B2 /* Pods_NationalTheater.framework */,
			);
			name = Frameworks;
			sourceTree = "<group>";
		};
		F8DEA7FE46F71B9F699086D6 /* Pods */ = {
			isa = PBXGroup;
			children = (
				0BB8BFEA1B65DAA3DF0692E9 /* Pods-NationalTheater.debug.xcconfig */,
				779D913B18301197996089EB /* Pods-NationalTheater.release.xcconfig */,
			);
			path = Pods;
			sourceTree = "<group>";
		};
/* End PBXGroup section */

/* Begin PBXNativeTarget section */
		31FED00825FE46790051ECEC /* NationalTheater */ = {
			isa = PBXNativeTarget;
			buildConfigurationList = 31FED01D25FE467B0051ECEC /* Build configuration list for PBXNativeTarget "NationalTheater" */;
			buildPhases = (
				9258BAE9858A88B78B76652F /* [CP] Check Pods Manifest.lock */,
				31FED00525FE46790051ECEC /* Sources */,
				31FED00625FE46790051ECEC /* Frameworks */,
				31FED00725FE46790051ECEC /* Resources */,
				0741BA1C4DEF5AD7BC930B15 /* [CP] Embed Pods Frameworks */,
			);
			buildRules = (
			);
			dependencies = (
			);
			name = NationalTheater;
			productName = NationalTheater;
			productReference = 31FED00925FE46790051ECEC /* NationalTheater.app */;
			productType = "com.apple.product-type.application";
		};
/* End PBXNativeTarget section */

/* Begin PBXProject section */
		31FED00125FE46790051ECEC /* Project object */ = {
			isa = PBXProject;
			attributes = {
				LastSwiftUpdateCheck = 1250;
				LastUpgradeCheck = 1250;
				TargetAttributes = {
					31FED00825FE46790051ECEC = {
						CreatedOnToolsVersion = 12.5;
					};
				};
			};
			buildConfigurationList = 31FED00425FE46790051ECEC /* Build configuration list for PBXProject "NationalTheater" */;
			compatibilityVersion = "Xcode 9.3";
			developmentRegion = en;
			hasScannedForEncodings = 0;
			knownRegions = (
				en,
				Base,
			);
			mainGroup = 31FED00025FE46790051ECEC;
			productRefGroup = 31FED00A25FE46790051ECEC /* Products */;
			projectDirPath = "";
			projectRoot = "";
			targets = (
				31FED00825FE46790051ECEC /* NationalTheater */,
			);
		};
/* End PBXProject section */

/* Begin PBXResourcesBuildPhase section */
		31FED00725FE46790051ECEC /* Resources */ = {
			isa = PBXResourcesBuildPhase;
			buildActionMask = 2147483647;
			files = (
				31FED01925FE467B0051ECEC /* LaunchScreen.storyboard in Resources */,
				31FED01625FE467B0051ECEC /* Assets.xcassets in Resources */,
				31FED01425FE46790051ECEC /* Main.storyboard in Resources */,
			);
			runOnlyForDeploymentPostprocessing = 0;
		};
/* End PBXResourcesBuildPhase section */

/* Begin PBXShellScriptBuildPhase section */
		0741BA1C4DEF5AD7BC930B15 /* [CP] Embed Pods Frameworks */ = {
			isa = PBXShellScriptBuildPhase;
			buildActionMask = 2147483647;
			files = (
			);
			inputFileListPaths = (
				"${PODS_ROOT}/Target Support Files/Pods-NationalTheater/Pods-NationalTheater-frameworks-${CONFIGURATION}-input-files.xcfilelist",
			);
			name = "[CP] Embed Pods Frameworks";
			outputFileListPaths = (
				"${PODS_ROOT}/Target Support Files/Pods-NationalTheater/Pods-NationalTheater-frameworks-${CONFIGURATION}-output-files.xcfilelist",
			);
			runOnlyForDeploymentPostprocessing = 0;
			shellPath = /bin/sh;
			shellScript = "\"${PODS_ROOT}/Target Support Files/Pods-NationalTheater/Pods-NationalTheater-frameworks.sh\"\n";
			showEnvVarsInLog = 0;
		};
		9258BAE9858A88B78B76652F /* [CP] Check Pods Manifest.lock */ = {
			isa = PBXShellScriptBuildPhase;
			buildActionMask = 2147483647;
			files = (
			);
			inputFileListPaths = (
			);
			inputPaths = (
				"${PODS_PODFILE_DIR_PATH}/Podfile.lock",
				"${PODS_ROOT}/Manifest.lock",
			);
			name = "[CP] Check Pods Manifest.lock";
			outputFileListPaths = (
			);
			outputPaths = (
				"$(DERIVED_FILE_DIR)/Pods-NationalTheater-checkManifestLockResult.txt",
			);
			runOnlyForDeploymentPostprocessing = 0;
			shellPath = /bin/sh;
			shellScript = "diff \"${PODS_PODFILE_DIR_PATH}/Podfile.lock\" \"${PODS_ROOT}/Manifest.lock\" > /dev/null\nif [ $? != 0 ] ; then\n    # print error to STDERR\n    echo \"error: The sandbox is not in sync with the Podfile.lock. Run 'pod install' or update your CocoaPods installation.\" >&2\n    exit 1\nfi\n# This output is used by Xcode 'outputs' to avoid re-running this script phase.\necho \"SUCCESS\" > \"${SCRIPT_OUTPUT_FILE_0}\"\n";
			showEnvVarsInLog = 0;
		};
/* End PBXShellScriptBuildPhase section */

/* Begin PBXSourcesBuildPhase section */
		31FED00525FE46790051ECEC /* Sources */ = {
			isa = PBXSourcesBuildPhase;
			buildActionMask = 2147483647;
			files = (
				31FED01125FE46790051ECEC /* ViewController.swift in Sources */,
				31FED00D25FE46790051ECEC /* AppDelegate.swift in Sources */,
				31A1C58F25FF59A3006555E5 /* PrinceCollectionViewController.swift in Sources */,
				31A1C59325FF5C58006555E5 /* PrinceCollectionViewCell.swift in Sources */,
				31848B722600A9210049A579 /* AVTableViewController.swift in Sources */,
				31848B70260058490049A579 /* AVViewController.swift in Sources */,
				31FED00F25FE46790051ECEC /* SceneDelegate.swift in Sources */,
				31A1C58B25FEFC01006555E5 /* SuggestViewController.swift in Sources */,
			);
			runOnlyForDeploymentPostprocessing = 0;
		};
/* End PBXSourcesBuildPhase section */

/* Begin PBXVariantGroup section */
		31FED01225FE46790051ECEC /* Main.storyboard */ = {
			isa = PBXVariantGroup;
			children = (
				31FED01325FE46790051ECEC /* Base */,
			);
			name = Main.storyboard;
			sourceTree = "<group>";
		};
		31FED01725FE467B0051ECEC /* LaunchScreen.storyboard */ = {
			isa = PBXVariantGroup;
			children = (
				31FED01825FE467B0051ECEC /* Base */,
			);
			name = LaunchScreen.storyboard;
			sourceTree = "<group>";
		};
/* End PBXVariantGroup section */

/* Begin XCBuildConfiguration section */
		31FED01B25FE467B0051ECEC /* Debug */ = {
			isa = XCBuildConfiguration;
			buildSettings = {
				ALWAYS_SEARCH_USER_PATHS = NO;
				CLANG_ANALYZER_NONNULL = YES;
				CLANG_ANALYZER_NUMBER_OBJECT_CONVERSION = YES_AGGRESSIVE;
				CLANG_CXX_LANGUAGE_STANDARD = "gnu++14";
				CLANG_CXX_LIBRARY = "libc++";
				CLANG_ENABLE_MODULES = YES;
				CLANG_ENABLE_OBJC_ARC = YES;
				CLANG_ENABLE_OBJC_WEAK = YES;
				CLANG_WARN_BLOCK_CAPTURE_AUTORELEASING = YES;
				CLANG_WARN_BOOL_CONVERSION = YES;
				CLANG_WARN_COMMA = YES;
				CLANG_WARN_CONSTANT_CONVERSION = YES;
				CLANG_WARN_DEPRECATED_OBJC_IMPLEMENTATIONS = YES;
				CLANG_WARN_DIRECT_OBJC_ISA_USAGE = YES_ERROR;
				CLANG_WARN_DOCUMENTATION_COMMENTS = YES;
				CLANG_WARN_EMPTY_BODY = YES;
				CLANG_WARN_ENUM_CONVERSION = YES;
				CLANG_WARN_INFINITE_RECURSION = YES;
				CLANG_WARN_INT_CONVERSION = YES;
				CLANG_WARN_NON_LITERAL_NULL_CONVERSION = YES;
				CLANG_WARN_OBJC_IMPLICIT_RETAIN_SELF = YES;
				CLANG_WARN_OBJC_LITERAL_CONVERSION = YES;
				CLANG_WARN_OBJC_ROOT_CLASS = YES_ERROR;
				CLANG_WARN_QUOTED_INCLUDE_IN_FRAMEWORK_HEADER = YES;
				CLANG_WARN_RANGE_LOOP_ANALYSIS = YES;
				CLANG_WARN_STRICT_PROTOTYPES = YES;
				CLANG_WARN_SUSPICIOUS_MOVE = YES;
				CLANG_WARN_UNGUARDED_AVAILABILITY = YES_AGGRESSIVE;
				CLANG_WARN_UNREACHABLE_CODE = YES;
				CLANG_WARN__DUPLICATE_METHOD_MATCH = YES;
				COPY_PHASE_STRIP = NO;
				DEBUG_INFORMATION_FORMAT = dwarf;
				ENABLE_STRICT_OBJC_MSGSEND = YES;
				ENABLE_TESTABILITY = YES;
				GCC_C_LANGUAGE_STANDARD = gnu11;
				GCC_DYNAMIC_NO_PIC = NO;
				GCC_NO_COMMON_BLOCKS = YES;
				GCC_OPTIMIZATION_LEVEL = 0;
				GCC_PREPROCESSOR_DEFINITIONS = (
					"DEBUG=1",
					"$(inherited)",
				);
				GCC_WARN_64_TO_32_BIT_CONVERSION = YES;
				GCC_WARN_ABOUT_RETURN_TYPE = YES_ERROR;
				GCC_WARN_UNDECLARED_SELECTOR = YES;
				GCC_WARN_UNINITIALIZED_AUTOS = YES_AGGRESSIVE;
				GCC_WARN_UNUSED_FUNCTION = YES;
				GCC_WARN_UNUSED_VARIABLE = YES;
				IPHONEOS_DEPLOYMENT_TARGET = 14.5;
				MTL_ENABLE_DEBUG_INFO = INCLUDE_SOURCE;
				MTL_FAST_MATH = YES;
				ONLY_ACTIVE_ARCH = YES;
				SDKROOT = iphoneos;
				SWIFT_ACTIVE_COMPILATION_CONDITIONS = DEBUG;
				SWIFT_OPTIMIZATION_LEVEL = "-Onone";
			};
			name = Debug;
		};
		31FED01C25FE467B0051ECEC /* Release */ = {
			isa = XCBuildConfiguration;
			buildSettings = {
				ALWAYS_SEARCH_USER_PATHS = NO;
				CLANG_ANALYZER_NONNULL = YES;
				CLANG_ANALYZER_NUMBER_OBJECT_CONVERSION = YES_AGGRESSIVE;
				CLANG_CXX_LANGUAGE_STANDARD = "gnu++14";
				CLANG_CXX_LIBRARY = "libc++";
				CLANG_ENABLE_MODULES = YES;
				CLANG_ENABLE_OBJC_ARC = YES;
				CLANG_ENABLE_OBJC_WEAK = YES;
				CLANG_WARN_BLOCK_CAPTURE_AUTORELEASING = YES;
				CLANG_WARN_BOOL_CONVERSION = YES;
				CLANG_WARN_COMMA = YES;
				CLANG_WARN_CONSTANT_CONVERSION = YES;
				CLANG_WARN_DEPRECATED_OBJC_IMPLEMENTATIONS = YES;
				CLANG_WARN_DIRECT_OBJC_ISA_USAGE = YES_ERROR;
				CLANG_WARN_DOCUMENTATION_COMMENTS = YES;
				CLANG_WARN_EMPTY_BODY = YES;
				CLANG_WARN_ENUM_CONVERSION = YES;
				CLANG_WARN_INFINITE_RECURSION = YES;
				CLANG_WARN_INT_CONVERSION = YES;
				CLANG_WARN_NON_LITERAL_NULL_CONVERSION = YES;
				CLANG_WARN_OBJC_IMPLICIT_RETAIN_SELF = YES;
				CLANG_WARN_OBJC_LITERAL_CONVERSION = YES;
				CLANG_WARN_OBJC_ROOT_CLASS = YES_ERROR;
				CLANG_WARN_QUOTED_INCLUDE_IN_FRAMEWORK_HEADER = YES;
				CLANG_WARN_RANGE_LOOP_ANALYSIS = YES;
				CLANG_WARN_STRICT_PROTOTYPES = YES;
				CLANG_WARN_SUSPICIOUS_MOVE = YES;
				CLANG_WARN_UNGUARDED_AVAILABILITY = YES_AGGRESSIVE;
				CLANG_WARN_UNREACHABLE_CODE = YES;
				CLANG_WARN__DUPLICATE_METHOD_MATCH = YES;
				COPY_PHASE_STRIP = NO;
				DEBUG_INFORMATION_FORMAT = "dwarf-with-dsym";
				ENABLE_NS_ASSERTIONS = NO;
				ENABLE_STRICT_OBJC_MSGSEND = YES;
				GCC_C_LANGUAGE_STANDARD = gnu11;
				GCC_NO_COMMON_BLOCKS = YES;
				GCC_WARN_64_TO_32_BIT_CONVERSION = YES;
				GCC_WARN_ABOUT_RETURN_TYPE = YES_ERROR;
				GCC_WARN_UNDECLARED_SELECTOR = YES;
				GCC_WARN_UNINITIALIZED_AUTOS = YES_AGGRESSIVE;
				GCC_WARN_UNUSED_FUNCTION = YES;
				GCC_WARN_UNUSED_VARIABLE = YES;
				IPHONEOS_DEPLOYMENT_TARGET = 14.5;
				MTL_ENABLE_DEBUG_INFO = NO;
				MTL_FAST_MATH = YES;
				SDKROOT = iphoneos;
				SWIFT_COMPILATION_MODE = wholemodule;
				SWIFT_OPTIMIZATION_LEVEL = "-O";
				VALIDATE_PRODUCT = YES;
			};
			name = Release;
		};
		31FED01E25FE467B0051ECEC /* Debug */ = {
			isa = XCBuildConfiguration;
			baseConfigurationReference = 0BB8BFEA1B65DAA3DF0692E9 /* Pods-NationalTheater.debug.xcconfig */;
			buildSettings = {
				ASSETCATALOG_COMPILER_APPICON_NAME = AppIcon;
				ASSETCATALOG_COMPILER_GLOBAL_ACCENT_COLOR_NAME = AccentColor;
				CODE_SIGN_STYLE = Automatic;
				INFOPLIST_FILE = NationalTheater/Info.plist;
				LD_RUNPATH_SEARCH_PATHS = (
					"$(inherited)",
					"@executable_path/Frameworks",
				);
				PRODUCT_BUNDLE_IDENTIFIER = "tw.com.studio-parkerlived.NationalTheater";
				PRODUCT_NAME = "$(TARGET_NAME)";
				SWIFT_VERSION = 5.0;
				TARGETED_DEVICE_FAMILY = "1,2";
			};
			name = Debug;
		};
		31FED01F25FE467B0051ECEC /* Release */ = {
			isa = XCBuildConfiguration;
			baseConfigurationReference = 779D913B18301197996089EB /* Pods-NationalTheater.release.xcconfig */;
			buildSettings = {
				ASSETCATALOG_COMPILER_APPICON_NAME = AppIcon;
				ASSETCATALOG_COMPILER_GLOBAL_ACCENT_COLOR_NAME = AccentColor;
				CODE_SIGN_STYLE = Automatic;
				INFOPLIST_FILE = NationalTheater/Info.plist;
				LD_RUNPATH_SEARCH_PATHS = (
					"$(inherited)",
					"@executable_path/Frameworks",
				);
				PRODUCT_BUNDLE_IDENTIFIER = "tw.com.studio-parkerlived.NationalTheater";
				PRODUCT_NAME = "$(TARGET_NAME)";
				SWIFT_VERSION = 5.0;
				TARGETED_DEVICE_FAMILY = "1,2";
			};
			name = Release;
		};
/* End XCBuildConfiguration section */

/* Begin XCConfigurationList section */
		31FED00425FE46790051ECEC /* Build configuration list for PBXProject "NationalTheater" */ = {
			isa = XCConfigurationList;
			buildConfigurations = (
				31FED01B25FE467B0051ECEC /* Debug */,
				31FED01C25FE467B0051ECEC /* Release */,
			);
			defaultConfigurationIsVisible = 0;
			defaultConfigurationName = Release;
		};
		31FED01D25FE467B0051ECEC /* Build configuration list for PBXNativeTarget "NationalTheater" */ = {
			isa = XCConfigurationList;
			buildConfigurations = (
				31FED01E25FE467B0051ECEC /* Debug */,
				31FED01F25FE467B0051ECEC /* Release */,
			);
			defaultConfigurationIsVisible = 0;
			defaultConfigurationName = Release;
		};
/* End XCConfigurationList section */
	};
	rootObject = 31FED00125FE46790051ECEC /* Project object */;
}
